github.com/a-h/templ v0.3.1001 h1:yHDTgexACdJttyiyamcTHXr2QkIeVF1MukLy44EAhMY=
github.com/a-h/templ v0.3.1001/go.mod h1:oCZcnKRf5jjsGpf2yELzQfodLphd2mwecwG4Crk5HBo=
github.com/magefile/mage v1.17.1 h1:F1d2lnLSlbQDM0Plq6Ac4NtaHxkxTK8t5nrMY9SkoNA=
github.com/magefile/mage v1.17.1/go.mod h1:Yj51kqllmsgFpvvSzgrZPK9WtluG3kUhFaBUVLo4feA=
